
Microsoft Visual Studio Solution File, Format Version 12.00
# Visual Studio 15
VisualStudioVersion = 15.0.27130.2010
MinimumVisualStudioVersion = 10.0.40219.1
Project("{9A19103F-16F7-4668-BE54-9A1E7A4F7556}") = "StackAndQueues-Lab", "StackAndQueues-Lab\StackAndQueues-Lab.csproj", "{52C2D793-2B5D-4350-A7C5-8DC52391F322}"
EndProject
Project("{FAE04EC0-301F-11D3-BF4B-00C04F79EFBC}") = "SimpleCalculator", "SimpleCalculator\SimpleCalculator.csproj", "{D97B38ED-8751-4E55-9E58-BED451657230}"
EndProject
Project("{FAE04EC0-301F-11D3-BF4B-00C04F79EFBC}") = "DecimalToBinary", "DecimalToBinary\DecimalToBinary.csproj", "{082466A9-4395-4BF0-8A7D-DB40E69E8C9D}"
EndProject
Project("{FAE04EC0-301F-11D3-BF4B-00C04F79EFBC}") = "MatchingBrackets", "MatchingBrackets\MatchingBrackets.csproj", "{55148418-81CD-4171-A38B-4A96A9432B2F}"
EndProject
Project("{FAE04EC0-301F-11D3-BF4B-00C04F79EFBC}") = "HotPotato", "HotPotato\HotPotato.csproj", "{A557FBBF-FEC7-44C4-BF46-B9D8C5EAE916}"
EndProject
Project("{FAE04EC0-301F-11D3-BF4B-00C04F79EFBC}") = "TrafficJam", "TrafficJam\TrafficJam.csproj", "{BE9C02F0-55A3-432D-A8B7-09E7709F77A5}"
EndProject
Global
	GlobalSection(SolutionConfigurationPlatforms) = preSolution
		Debug|Any CPU = Debug|Any CPU
		Release|Any CPU = Release|Any CPU
	EndGlobalSection
	GlobalSection(ProjectConfigurationPlatforms) = postSolution
		{52C2D793-2B5D-4350-A7C5-8DC52391F322}.Debug|Any CPU.ActiveCfg = Debug|Any CPU
		{52C2D793-2B5D-4350-A7C5-8DC52391F322}.Debug|Any CPU.Build.0 = Debug|Any CPU
		{52C2D793-2B5D-4350-A7C5-8DC52391F322}.Release|Any CPU.ActiveCfg = Release|Any CPU
		{52C2D793-2B5D-4350-A7C5-8DC52391F322}.Release|Any CPU.Build.0 = Release|Any CPU
		{D97B38ED-8751-4E55-9E58-BED451657230}.Debug|Any CPU.ActiveCfg = Debug|Any CPU
		{D97B38ED-8751-4E55-9E58-BED451657230}.Debug|Any CPU.Build.0 = Debug|Any CPU
		{D97B38ED-8751-4E55-9E58-BED451657230}.Release|Any CPU.ActiveCfg = Release|Any CPU
		{D97B38ED-8751-4E55-9E58-BED451657230}.Release|Any CPU.Build.0 = Release|Any CPU
		{082466A9-4395-4BF0-8A7D-DB40E69E8C9D}.Debug|Any CPU.ActiveCfg = Debug|Any CPU
		{082466A9-4395-4BF0-8A7D-DB40E69E8C9D}.Debug|Any CPU.Build.0 = Debug|Any CPU
		{082466A9-4395-4BF0-8A7D-DB40E69E8C9D}.Release|Any CPU.ActiveCfg = Release|Any CPU
		{082466A9-4395-4BF0-8A7D-DB40E69E8C9D}.Release|Any CPU.Build.0 = Release|Any CPU
		{55148418-81CD-4171-A38B-4A96A9432B2F}.Debug|Any CPU.ActiveCfg = Debug|Any CPU
		{55148418-81CD-4171-A38B-4A96A9432B2F}.Debug|Any CPU.Build.0 = Debug|Any CPU
		{55148418-81CD-4171-A38B-4A96A9432B2F}.Release|Any CPU.ActiveCfg = Release|Any CPU
		{55148418-81CD-4171-A38B-4A96A9432B2F}.Release|Any CPU.Build.0 = Release|Any CPU
		{A557FBBF-FEC7-44C4-BF46-B9D8C5EAE916}.Debug|Any CPU.ActiveCfg = Debug|Any CPU
		{A557FBBF-FEC7-44C4-BF46-B9D8C5EAE916}.Debug|Any CPU.Build.0 = Debug|Any CPU
		{A557FBBF-FEC7-44C4-BF46-B9D8C5EAE916}.Release|Any CPU.ActiveCfg = Release|Any CPU
		{A557FBBF-FEC7-44C4-BF46-B9D8C5EAE916}.Release|Any CPU.Build.0 = Release|Any CPU
		{BE9C02F0-55A3-432D-A8B7-09E7709F77A5}.Debug|Any CPU.ActiveCfg = Debug|Any CPU
		{BE9C02F0-55A3-432D-A8B7-09E7709F77A5}.Debug|Any CPU.Build.0 = Debug|Any CPU
		{BE9C02F0-55A3-432D-A8B7-09E7709F77A5}.Release|Any CPU.ActiveCfg = Release|Any CPU
		{BE9C02F0-55A3-432D-A8B7-09E7709F77A5}.Release|Any CPU.Build.0 = Release|Any CPU
	EndGlobalSection
	GlobalSection(SolutionProperties) = preSolution
		HideSolutionNode = FALSE
	EndGlobalSection
	GlobalSection(ExtensibilityGlobals) = postSolution
		SolutionGuid = {517BF184-8CC0-4543-8C4E-84671A566DA8}
	EndGlobalSection
EndGlobal
