
Microsoft Visual Studio Solution File, Format Version 12.00
# Visual Studio 15
VisualStudioVersion = 15.0.27130.2010
MinimumVisualStudioVersion = 10.0.40219.1
Project("{FAE04EC0-301F-11D3-BF4B-00C04F79EFBC}") = "sumMatrixElements", "sumMatrixElements\sumMatrixElements.csproj", "{7BFB487A-71E8-473D-8CCD-DE687A84186C}"
EndProject
Project("{FAE04EC0-301F-11D3-BF4B-00C04F79EFBC}") = "SquareWithMaximumSum", "SquareWithMaximumSum\SquareWithMaximumSum.csproj", "{13360082-602A-4754-9F86-45831185FBDA}"
EndProject
Global
	GlobalSection(SolutionConfigurationPlatforms) = preSolution
		Debug|Any CPU = Debug|Any CPU
		Release|Any CPU = Release|Any CPU
	EndGlobalSection
	GlobalSection(ProjectConfigurationPlatforms) = postSolution
		{7BFB487A-71E8-473D-8CCD-DE687A84186C}.Debug|Any CPU.ActiveCfg = Debug|Any CPU
		{7BFB487A-71E8-473D-8CCD-DE687A84186C}.Debug|Any CPU.Build.0 = Debug|Any CPU
		{7BFB487A-71E8-473D-8CCD-DE687A84186C}.Release|Any CPU.ActiveCfg = Release|Any CPU
		{7BFB487A-71E8-473D-8CCD-DE687A84186C}.Release|Any CPU.Build.0 = Release|Any CPU
		{13360082-602A-4754-9F86-45831185FBDA}.Debug|Any CPU.ActiveCfg = Debug|Any CPU
		{13360082-602A-4754-9F86-45831185FBDA}.Debug|Any CPU.Build.0 = Debug|Any CPU
		{13360082-602A-4754-9F86-45831185FBDA}.Release|Any CPU.ActiveCfg = Release|Any CPU
		{13360082-602A-4754-9F86-45831185FBDA}.Release|Any CPU.Build.0 = Release|Any CPU
	EndGlobalSection
	GlobalSection(SolutionProperties) = preSolution
		HideSolutionNode = FALSE
	EndGlobalSection
	GlobalSection(ExtensibilityGlobals) = postSolution
		SolutionGuid = {2DF17683-81A2-4D3C-84A8-99CD97EBA54D}
	EndGlobalSection
EndGlobal
